
Microsoft Visual Studio Solution File, Format Version 12.00
# Visual Studio Version 16
VisualStudioVersion = 16.0.30413.136
MinimumVisualStudioVersion = 10.0.40219.1
Project("{FAE04EC0-301F-11D3-BF4B-00C04F79EFBC}") = "FixCSV", "FixCSV\FixCSV.csproj", "{81B74A68-E8EF-4431-9337-F63B66A587E5}"
EndProject
Project("{2150E333-8FDC-42A3-9474-1A3956D46DE8}") = "Solution Items", "Solution Items", "{DCC966FF-DCF4-4E81-889D-26EE222BA8F8}"
	ProjectSection(SolutionItems) = preProject
		.editorconfig = .editorconfig
		ChangeLog.md = ChangeLog.md
		README.md = README.md
	EndProjectSection
EndProject
Global
	GlobalSection(SolutionConfigurationPlatforms) = preSolution
		Debug|Any CPU = Debug|Any CPU
		Release|Any CPU = Release|Any CPU
	EndGlobalSection
	GlobalSection(ProjectConfigurationPlatforms) = postSolution
		{81B74A68-E8EF-4431-9337-F63B66A587E5}.Debug|Any CPU.ActiveCfg = Debug|Any CPU
		{81B74A68-E8EF-4431-9337-F63B66A587E5}.Debug|Any CPU.Build.0 = Debug|Any CPU
		{81B74A68-E8EF-4431-9337-F63B66A587E5}.Release|Any CPU.ActiveCfg = Release|Any CPU
		{81B74A68-E8EF-4431-9337-F63B66A587E5}.Release|Any CPU.Build.0 = Release|Any CPU
	EndGlobalSection
	GlobalSection(SolutionProperties) = preSolution
		HideSolutionNode = FALSE
	EndGlobalSection
	GlobalSection(ExtensibilityGlobals) = postSolution
		SolutionGuid = {9D8E263B-BECF-40E1-9997-3A474B4221F9}
	EndGlobalSection
EndGlobal
